
Microsoft Visual Studio Solution File, Format Version 12.00
# Visual Studio Version 16
VisualStudioVersion = 16.0.29411.108
MinimumVisualStudioVersion = 10.0.40219.1
Project("{FAE04EC0-301F-11D3-BF4B-00C04F79EFBC}") = "InstaFollowers.ConsoleApp", "InstaFollowers.ConsoleApp\InstaFollowers.ConsoleApp.csproj", "{3F13873B-9983-400C-BD44-78CF0AF0D901}"
EndProject
Project("{FAE04EC0-301F-11D3-BF4B-00C04F79EFBC}") = "InstaFollowers.Desktop", "InstaFollowers.Desktop\InstaFollowers.Desktop.csproj", "{BCBC6E7E-68C9-4A91-9E6E-CC3DF36F26EB}"
EndProject
Global
	GlobalSection(SolutionConfigurationPlatforms) = preSolution
		Debug|Any CPU = Debug|Any CPU
		Release|Any CPU = Release|Any CPU
	EndGlobalSection
	GlobalSection(ProjectConfigurationPlatforms) = postSolution
		{3F13873B-9983-400C-BD44-78CF0AF0D901}.Debug|Any CPU.ActiveCfg = Debug|Any CPU
		{3F13873B-9983-400C-BD44-78CF0AF0D901}.Debug|Any CPU.Build.0 = Debug|Any CPU
		{3F13873B-9983-400C-BD44-78CF0AF0D901}.Release|Any CPU.ActiveCfg = Release|Any CPU
		{3F13873B-9983-400C-BD44-78CF0AF0D901}.Release|Any CPU.Build.0 = Release|Any CPU
		{BCBC6E7E-68C9-4A91-9E6E-CC3DF36F26EB}.Debug|Any CPU.ActiveCfg = Debug|Any CPU
		{BCBC6E7E-68C9-4A91-9E6E-CC3DF36F26EB}.Debug|Any CPU.Build.0 = Debug|Any CPU
		{BCBC6E7E-68C9-4A91-9E6E-CC3DF36F26EB}.Release|Any CPU.ActiveCfg = Release|Any CPU
		{BCBC6E7E-68C9-4A91-9E6E-CC3DF36F26EB}.Release|Any CPU.Build.0 = Release|Any CPU
	EndGlobalSection
	GlobalSection(SolutionProperties) = preSolution
		HideSolutionNode = FALSE
	EndGlobalSection
	GlobalSection(ExtensibilityGlobals) = postSolution
		SolutionGuid = {5E491156-5863-409F-A143-DBC52D3E11A7}
	EndGlobalSection
EndGlobal
